// !$*UTF8*$!
{
	archiveVersion = 1;
	classes = {
	};
	objectVersion = 56;
	objects = {

/* Begin PBXBuildFile section */
		05221B7D29864F9A0046BC27 /* AppDelegate.swift in Sources */ = {isa = PBXBuildFile; fileRef = 05221B7C29864F9A0046BC27 /* AppDelegate.swift */; };
		05221B8129864F9A0046BC27 /* ViewController.swift in Sources */ = {isa = PBXBuildFile; fileRef = 05221B8029864F9A0046BC27 /* ViewController.swift */; };
		05221B8429864F9A0046BC27 /* Main.storyboard in Resources */ = {isa = PBXBuildFile; fileRef = 05221B8229864F9A0046BC27 /* Main.storyboard */; };
		05221B8629864F9C0046BC27 /* Assets.xcassets in Resources */ = {isa = PBXBuildFile; fileRef = 05221B8529864F9C0046BC27 /* Assets.xcassets */; };
		05221B8929864F9C0046BC27 /* LaunchScreen.storyboard in Resources */ = {isa = PBXBuildFile; fileRef = 05221B8729864F9C0046BC27 /* LaunchScreen.storyboard */; };
		056420D42987A007003EBE0B /* CMSDK.framework in Frameworks */ = {isa = PBXBuildFile; fileRef = 056420D32987A007003EBE0B /* CMSDK.framework */; };
		056420D52987A00C003EBE0B /* CMSDK.framework in Resources */ = {isa = PBXBuildFile; fileRef = 056420D32987A007003EBE0B /* CMSDK.framework */; };
/* End PBXBuildFile section */

/* Begin PBXFileReference section */
		05221B7929864F9A0046BC27 /* CMSDKTest.app */ = {isa = PBXFileReference; explicitFileType = wrapper.application; includeInIndex = 0; path = CMSDKTest.app; sourceTree = BUILT_PRODUCTS_DIR; };
		05221B7C29864F9A0046BC27 /* AppDelegate.swift */ = {isa = PBXFileReference; lastKnownFileType = sourcecode.swift; path = AppDelegate.swift; sourceTree = "<group>"; };
		05221B8029864F9A0046BC27 /* ViewController.swift */ = {isa = PBXFileReference; lastKnownFileType = sourcecode.swift; path = ViewController.swift; sourceTree = "<group>"; };
		05221B8329864F9A0046BC27 /* Base */ = {isa = PBXFileReference; lastKnownFileType = file.storyboard; name = Base; path = Base.lproj/Main.storyboard; sourceTree = "<group>"; };
		05221B8529864F9C0046BC27 /* Assets.xcassets */ = {isa = PBXFileReference; lastKnownFileType = folder.assetcatalog; path = Assets.xcassets; sourceTree = "<group>"; };
		05221B8829864F9C0046BC27 /* Base */ = {isa = PBXFileReference; lastKnownFileType = file.storyboard; name = Base; path = Base.lproj/LaunchScreen.storyboard; sourceTree = "<group>"; };
		05221B8A29864F9C0046BC27 /* Info.plist */ = {isa = PBXFileReference; lastKnownFileType = text.plist.xml; path = Info.plist; sourceTree = "<group>"; };
		05221B9F29866EB60046BC27 /* CMSDKTest-Bridging-Header.h */ = {isa = PBXFileReference; lastKnownFileType = sourcecode.c.h; path = "CMSDKTest-Bridging-Header.h"; sourceTree = "<group>"; };
		056420D32987A007003EBE0B /* CMSDK.framework */ = {isa = PBXFileReference; lastKnownFileType = wrapper.framework; path = CMSDK.framework; sourceTree = "<group>"; };
/* End PBXFileReference section */

/* Begin PBXFrameworksBuildPhase section */
		05221B7629864F9A0046BC27 /* Frameworks */ = {
			isa = PBXFrameworksBuildPhase;
			buildActionMask = 2147483647;
			files = (
				056420D42987A007003EBE0B /* CMSDK.framework in Frameworks */,
			);
			runOnlyForDeploymentPostprocessing = 0;
		};
/* End PBXFrameworksBuildPhase section */

/* Begin PBXGroup section */
		05221B7029864F9A0046BC27 = {
			isa = PBXGroup;
			children = (
				05221B7B29864F9A0046BC27 /* CMSDKTest */,
				05221B7A29864F9A0046BC27 /* Products */,
			);
			sourceTree = "<group>";
		};
		05221B7A29864F9A0046BC27 /* Products */ = {
			isa = PBXGroup;
			children = (
				05221B7929864F9A0046BC27 /* CMSDKTest.app */,
			);
			name = Products;
			sourceTree = "<group>";
		};
		05221B7B29864F9A0046BC27 /* CMSDKTest */ = {
			isa = PBXGroup;
			children = (
				05221B7C29864F9A0046BC27 /* AppDelegate.swift */,
				05221B8029864F9A0046BC27 /* ViewController.swift */,
				05221B8229864F9A0046BC27 /* Main.storyboard */,
				05221B8529864F9C0046BC27 /* Assets.xcassets */,
				05221B8729864F9C0046BC27 /* LaunchScreen.storyboard */,
				05221B8A29864F9C0046BC27 /* Info.plist */,
				05221B9E29866E690046BC27 /* Config */,
				05221B9B298665D20046BC27 /* Vendor */,
			);
			path = CMSDKTest;
			sourceTree = "<group>";
		};
		05221B9B298665D20046BC27 /* Vendor */ = {
			isa = PBXGroup;
			children = (
				056420D32987A007003EBE0B /* CMSDK.framework */,
			);
			path = Vendor;
			sourceTree = "<group>";
		};
		05221B9E29866E690046BC27 /* Config */ = {
			isa = PBXGroup;
			children = (
				05221B9F29866EB60046BC27 /* CMSDKTest-Bridging-Header.h */,
			);
			path = Config;
			sourceTree = "<group>";
		};
/* End PBXGroup section */

/* Begin PBXNativeTarget section */
		05221B7829864F9A0046BC27 /* CMSDKTest */ = {
			isa = PBXNativeTarget;
			buildConfigurationList = 05221B8D29864F9C0046BC27 /* Build configuration list for PBXNativeTarget "CMSDKTest" */;
			buildPhases = (
				05221B7529864F9A0046BC27 /* Sources */,
				05221B7629864F9A0046BC27 /* Frameworks */,
				05221B7729864F9A0046BC27 /* Resources */,
			);
			buildRules = (
			);
			dependencies = (
			);
			name = CMSDKTest;
			productName = CMSDKTest;
			productReference = 05221B7929864F9A0046BC27 /* CMSDKTest.app */;
			productType = "com.apple.product-type.application";
		};
/* End PBXNativeTarget section */

/* Begin PBXProject section */
		05221B7129864F9A0046BC27 /* Project object */ = {
			isa = PBXProject;
			attributes = {
				BuildIndependentTargetsInParallel = 1;
				LastSwiftUpdateCheck = 1410;
				LastUpgradeCheck = 1410;
				TargetAttributes = {
					05221B7829864F9A0046BC27 = {
						CreatedOnToolsVersion = 14.1;
					};
				};
			};
			buildConfigurationList = 05221B7429864F9A0046BC27 /* Build configuration list for PBXProject "CMSDKTest" */;
			compatibilityVersion = "Xcode 14.0";
			developmentRegion = en;
			hasScannedForEncodings = 0;
			knownRegions = (
				en,
				Base,
			);
			mainGroup = 05221B7029864F9A0046BC27;
			productRefGroup = 05221B7A29864F9A0046BC27 /* Products */;
			projectDirPath = "";
			projectRoot = "";
			targets = (
				05221B7829864F9A0046BC27 /* CMSDKTest */,
			);
		};
/* End PBXProject section */

/* Begin PBXResourcesBuildPhase section */
		05221B7729864F9A0046BC27 /* Resources */ = {
			isa = PBXResourcesBuildPhase;
			buildActionMask = 2147483647;
			files = (
				056420D52987A00C003EBE0B /* CMSDK.framework in Resources */,
				05221B8929864F9C0046BC27 /* LaunchScreen.storyboard in Resources */,
				05221B8629864F9C0046BC27 /* Assets.xcassets in Resources */,
				05221B8429864F9A0046BC27 /* Main.storyboard in Resources */,
			);
			runOnlyForDeploymentPostprocessing = 0;
		};
/* End PBXResourcesBuildPhase section */

/* Begin PBXSourcesBuildPhase section */
		05221B7529864F9A0046BC27 /* Sources */ = {
			isa = PBXSourcesBuildPhase;
			buildActionMask = 2147483647;
			files = (
				05221B8129864F9A0046BC27 /* ViewController.swift in Sources */,
				05221B7D29864F9A0046BC27 /* AppDelegate.swift in Sources */,
			);
			runOnlyForDeploymentPostprocessing = 0;
		};
/* End PBXSourcesBuildPhase section */

/* Begin PBXVariantGroup section */
		05221B8229864F9A0046BC27 /* Main.storyboard */ = {
			isa = PBXVariantGroup;
			children = (
				05221B8329864F9A0046BC27 /* Base */,
			);
			name = Main.storyboard;
			sourceTree = "<group>";
		};
		05221B8729864F9C0046BC27 /* LaunchScreen.storyboard */ = {
			isa = PBXVariantGroup;
			children = (
				05221B8829864F9C0046BC27 /* Base */,
			);
			name = LaunchScreen.storyboard;
			sourceTree = "<group>";
		};
/* End PBXVariantGroup section */

/* Begin XCBuildConfiguration section */
		05221B8B29864F9C0046BC27 /* Debug */ = {
			isa = XCBuildConfiguration;
			buildSettings = {
				ALWAYS_SEARCH_USER_PATHS = NO;
				CLANG_ANALYZER_NONNULL = YES;
				CLANG_ANALYZER_NUMBER_OBJECT_CONVERSION = YES_AGGRESSIVE;
				CLANG_CXX_LANGUAGE_STANDARD = "gnu++20";
				CLANG_ENABLE_MODULES = YES;
				CLANG_ENABLE_OBJC_ARC = YES;
				CLANG_ENABLE_OBJC_WEAK = YES;
				CLANG_WARN_BLOCK_CAPTURE_AUTORELEASING = YES;
				CLANG_WARN_BOOL_CONVERSION = YES;
				CLANG_WARN_COMMA = YES;
				CLANG_WARN_CONSTANT_CONVERSION = YES;
				CLANG_WARN_DEPRECATED_OBJC_IMPLEMENTATIONS = YES;
				CLANG_WARN_DIRECT_OBJC_ISA_USAGE = YES_ERROR;
				CLANG_WARN_DOCUMENTATION_COMMENTS = YES;
				CLANG_WARN_EMPTY_BODY = YES;
				CLANG_WARN_ENUM_CONVERSION = YES;
				CLANG_WARN_INFINITE_RECURSION = YES;
				CLANG_WARN_INT_CONVERSION = YES;
				CLANG_WARN_NON_LITERAL_NULL_CONVERSION = YES;
				CLANG_WARN_OBJC_IMPLICIT_RETAIN_SELF = YES;
				CLANG_WARN_OBJC_LITERAL_CONVERSION = YES;
				CLANG_WARN_OBJC_ROOT_CLASS = YES_ERROR;
				CLANG_WARN_QUOTED_INCLUDE_IN_FRAMEWORK_HEADER = YES;
				CLANG_WARN_RANGE_LOOP_ANALYSIS = YES;
				CLANG_WARN_STRICT_PROTOTYPES = YES;
				CLANG_WARN_SUSPICIOUS_MOVE = YES;
				CLANG_WARN_UNGUARDED_AVAILABILITY = YES_AGGRESSIVE;
				CLANG_WARN_UNREACHABLE_CODE = YES;
				CLANG_WARN__DUPLICATE_METHOD_MATCH = YES;
				COPY_PHASE_STRIP = NO;
				DEBUG_INFORMATION_FORMAT = dwarf;
				ENABLE_STRICT_OBJC_MSGSEND = YES;
				ENABLE_TESTABILITY = YES;
				GCC_C_LANGUAGE_STANDARD = gnu11;
				GCC_DYNAMIC_NO_PIC = NO;
				GCC_NO_COMMON_BLOCKS = YES;
				GCC_OPTIMIZATION_LEVEL = 0;
				GCC_PREPROCESSOR_DEFINITIONS = (
					"DEBUG=1",
					"$(inherited)",
				);
				GCC_WARN_64_TO_32_BIT_CONVERSION = YES;
				GCC_WARN_ABOUT_RETURN_TYPE = YES_ERROR;
				GCC_WARN_UNDECLARED_SELECTOR = YES;
				GCC_WARN_UNINITIALIZED_AUTOS = YES_AGGRESSIVE;
				GCC_WARN_UNUSED_FUNCTION = YES;
				GCC_WARN_UNUSED_VARIABLE = YES;
				IPHONEOS_DEPLOYMENT_TARGET = 11.0;
				MTL_ENABLE_DEBUG_INFO = INCLUDE_SOURCE;
				MTL_FAST_MATH = YES;
				ONLY_ACTIVE_ARCH = YES;
				SDKROOT = iphoneos;
				SWIFT_ACTIVE_COMPILATION_CONDITIONS = DEBUG;
				SWIFT_OPTIMIZATION_LEVEL = "-Onone";
			};
			name = Debug;
		};
		05221B8C29864F9C0046BC27 /* Release */ = {
			isa = XCBuildConfiguration;
			buildSettings = {
				ALWAYS_SEARCH_USER_PATHS = NO;
				CLANG_ANALYZER_NONNULL = YES;
				CLANG_ANALYZER_NUMBER_OBJECT_CONVERSION = YES_AGGRESSIVE;
				CLANG_CXX_LANGUAGE_STANDARD = "gnu++20";
				CLANG_ENABLE_MODULES = YES;
				CLANG_ENABLE_OBJC_ARC = YES;
				CLANG_ENABLE_OBJC_WEAK = YES;
				CLANG_WARN_BLOCK_CAPTURE_AUTORELEASING = YES;
				CLANG_WARN_BOOL_CONVERSION = YES;
				CLANG_WARN_COMMA = YES;
				CLANG_WARN_CONSTANT_CONVERSION = YES;
				CLANG_WARN_DEPRECATED_OBJC_IMPLEMENTATIONS = YES;
				CLANG_WARN_DIRECT_OBJC_ISA_USAGE = YES_ERROR;
				CLANG_WARN_DOCUMENTATION_COMMENTS = YES;
				CLANG_WARN_EMPTY_BODY = YES;
				CLANG_WARN_ENUM_CONVERSION = YES;
				CLANG_WARN_INFINITE_RECURSION = YES;
				CLANG_WARN_INT_CONVERSION = YES;
				CLANG_WARN_NON_LITERAL_NULL_CONVERSION = YES;
				CLANG_WARN_OBJC_IMPLICIT_RETAIN_SELF = YES;
				CLANG_WARN_OBJC_LITERAL_CONVERSION = YES;
				CLANG_WARN_OBJC_ROOT_CLASS = YES_ERROR;
				CLANG_WARN_QUOTED_INCLUDE_IN_FRAMEWORK_HEADER = YES;
				CLANG_WARN_RANGE_LOOP_ANALYSIS = YES;
				CLANG_WARN_STRICT_PROTOTYPES = YES;
				CLANG_WARN_SUSPICIOUS_MOVE = YES;
				CLANG_WARN_UNGUARDED_AVAILABILITY = YES_AGGRESSIVE;
				CLANG_WARN_UNREACHABLE_CODE = YES;
				CLANG_WARN__DUPLICATE_METHOD_MATCH = YES;
				COPY_PHASE_STRIP = NO;
				DEBUG_INFORMATION_FORMAT = "dwarf-with-dsym";
				ENABLE_NS_ASSERTIONS = NO;
				ENABLE_STRICT_OBJC_MSGSEND = YES;
				GCC_C_LANGUAGE_STANDARD = gnu11;
				GCC_NO_COMMON_BLOCKS = YES;
				GCC_WARN_64_TO_32_BIT_CONVERSION = YES;
				GCC_WARN_ABOUT_RETURN_TYPE = YES_ERROR;
				GCC_WARN_UNDECLARED_SELECTOR = YES;
				GCC_WARN_UNINITIALIZED_AUTOS = YES_AGGRESSIVE;
				GCC_WARN_UNUSED_FUNCTION = YES;
				GCC_WARN_UNUSED_VARIABLE = YES;
				IPHONEOS_DEPLOYMENT_TARGET = 11.0;
				MTL_ENABLE_DEBUG_INFO = NO;
				MTL_FAST_MATH = YES;
				SDKROOT = iphoneos;
				SWIFT_COMPILATION_MODE = wholemodule;
				SWIFT_OPTIMIZATION_LEVEL = "-O";
				VALIDATE_PRODUCT = YES;
			};
			name = Release;
		};
		05221B8E29864F9C0046BC27 /* Debug */ = {
			isa = XCBuildConfiguration;
			buildSettings = {
				ASSETCATALOG_COMPILER_APPICON_NAME = AppIcon;
				ASSETCATALOG_COMPILER_GLOBAL_ACCENT_COLOR_NAME = AccentColor;
				CODE_SIGN_STYLE = Automatic;
				CURRENT_PROJECT_VERSION = 1;
				DEVELOPMENT_TEAM = "";
				FRAMEWORK_SEARCH_PATHS = (
					"$(inherited)",
					"$(PROJECT_DIR)/CMSDKTest/Vendor",
				);
				GENERATE_INFOPLIST_FILE = YES;
				INFOPLIST_FILE = CMSDKTest/Info.plist;
				INFOPLIST_KEY_UIApplicationSupportsIndirectInputEvents = YES;
				INFOPLIST_KEY_UILaunchStoryboardName = LaunchScreen;
				INFOPLIST_KEY_UIMainStoryboardFile = Main;
				INFOPLIST_KEY_UISupportedInterfaceOrientations_iPad = "UIInterfaceOrientationPortrait UIInterfaceOrientationPortraitUpsideDown UIInterfaceOrientationLandscapeLeft UIInterfaceOrientationLandscapeRight";
				INFOPLIST_KEY_UISupportedInterfaceOrientations_iPhone = "UIInterfaceOrientationPortrait UIInterfaceOrientationLandscapeLeft UIInterfaceOrientationLandscapeRight";
				LD_RUNPATH_SEARCH_PATHS = (
					"$(inherited)",
					"@executable_path/Frameworks",
				);
				MARKETING_VERSION = 1.0;
				OTHER_LDFLAGS = "-ObjC";
				PRODUCT_BUNDLE_IDENTIFIER = com.www.CMSDKTest;
				PRODUCT_NAME = "$(TARGET_NAME)";
				SWIFT_EMIT_LOC_STRINGS = YES;
				SWIFT_OBJC_BRIDGING_HEADER = "CMSDKTest/Config/CMSDKTest-Bridging-Header.h";
				SWIFT_VERSION = 5.0;
				TARGETED_DEVICE_FAMILY = "1,2";
			};
			name = Debug;
		};
		05221B8F29864F9C0046BC27 /* Release */ = {
			isa = XCBuildConfiguration;
			buildSettings = {
				ASSETCATALOG_COMPILER_APPICON_NAME = AppIcon;
				ASSETCATALOG_COMPILER_GLOBAL_ACCENT_COLOR_NAME = AccentColor;
				CODE_SIGN_STYLE = Automatic;
				CURRENT_PROJECT_VERSION = 1;
				DEVELOPMENT_TEAM = "";
				FRAMEWORK_SEARCH_PATHS = (
					"$(inherited)",
					"$(PROJECT_DIR)/CMSDKTest/Vendor",
				);
				GENERATE_INFOPLIST_FILE = YES;
				INFOPLIST_FILE = CMSDKTest/Info.plist;
				INFOPLIST_KEY_UIApplicationSupportsIndirectInputEvents = YES;
				INFOPLIST_KEY_UILaunchStoryboardName = LaunchScreen;
				INFOPLIST_KEY_UIMainStoryboardFile = Main;
				INFOPLIST_KEY_UISupportedInterfaceOrientations_iPad = "UIInterfaceOrientationPortrait UIInterfaceOrientationPortraitUpsideDown UIInterfaceOrientationLandscapeLeft UIInterfaceOrientationLandscapeRight";
				INFOPLIST_KEY_UISupportedInterfaceOrientations_iPhone = "UIInterfaceOrientationPortrait UIInterfaceOrientationLandscapeLeft UIInterfaceOrientationLandscapeRight";
				LD_RUNPATH_SEARCH_PATHS = (
					"$(inherited)",
					"@executable_path/Frameworks",
				);
				MARKETING_VERSION = 1.0;
				OTHER_LDFLAGS = "-ObjC";
				PRODUCT_BUNDLE_IDENTIFIER = com.www.CMSDKTest;
				PRODUCT_NAME = "$(TARGET_NAME)";
				SWIFT_EMIT_LOC_STRINGS = YES;
				SWIFT_OBJC_BRIDGING_HEADER = "CMSDKTest/Config/CMSDKTest-Bridging-Header.h";
				SWIFT_VERSION = 5.0;
				TARGETED_DEVICE_FAMILY = "1,2";
			};
			name = Release;
		};
/* End XCBuildConfiguration section */

/* Begin XCConfigurationList section */
		05221B7429864F9A0046BC27 /* Build configuration list for PBXProject "CMSDKTest" */ = {
			isa = XCConfigurationList;
			buildConfigurations = (
				05221B8B29864F9C0046BC27 /* Debug */,
				05221B8C29864F9C0046BC27 /* Release */,
			);
			defaultConfigurationIsVisible = 0;
			defaultConfigurationName = Release;
		};
		05221B8D29864F9C0046BC27 /* Build configuration list for PBXNativeTarget "CMSDKTest" */ = {
			isa = XCConfigurationList;
			buildConfigurations = (
				05221B8E29864F9C0046BC27 /* Debug */,
				05221B8F29864F9C0046BC27 /* Release */,
			);
			defaultConfigurationIsVisible = 0;
			defaultConfigurationName = Release;
		};
/* End XCConfigurationList section */
	};
	rootObject = 05221B7129864F9A0046BC27 /* Project object */;
}
